// !$*UTF8*$!
{
	archiveVersion = 1;
	classes = {
	};
	objectVersion = 56;
	objects = {

/* Begin PBXBuildFile section */
		CE4601EE2C64D58200B9355C /* AppDelegate.swift in Sources */ = {isa = PBXBuildFile; fileRef = CE4601ED2C64D58200B9355C /* AppDelegate.swift */; };
		CE4601F02C64D58200B9355C /* SceneDelegate.swift in Sources */ = {isa = PBXBuildFile; fileRef = CE4601EF2C64D58200B9355C /* SceneDelegate.swift */; };
		CE4601F22C64D58200B9355C /* SearchViewController.swift in Sources */ = {isa = PBXBuildFile; fileRef = CE4601F12C64D58200B9355C /* SearchViewController.swift */; };
		CE4601F72C64D58400B9355C /* Assets.xcassets in Resources */ = {isa = PBXBuildFile; fileRef = CE4601F62C64D58400B9355C /* Assets.xcassets */; };
		CE4601FA2C64D58400B9355C /* Base in Resources */ = {isa = PBXBuildFile; fileRef = CE4601F92C64D58400B9355C /* Base */; };
		CE4602032C64D7C600B9355C /* Then in Frameworks */ = {isa = PBXBuildFile; productRef = CE4602022C64D7C600B9355C /* Then */; };
		CE4602062C64D7E600B9355C /* RxCocoa in Frameworks */ = {isa = PBXBuildFile; productRef = CE4602052C64D7E600B9355C /* RxCocoa */; };
		CE4602082C64D7E600B9355C /* RxSwift in Frameworks */ = {isa = PBXBuildFile; productRef = CE4602072C64D7E600B9355C /* RxSwift */; };
		CE46020B2C64D7F300B9355C /* SnapKit in Frameworks */ = {isa = PBXBuildFile; productRef = CE46020A2C64D7F300B9355C /* SnapKit */; };
		CE4602112C64D82300B9355C /* Kingfisher in Frameworks */ = {isa = PBXBuildFile; productRef = CE4602102C64D82300B9355C /* Kingfisher */; };
		CE4602132C64DD9A00B9355C /* SearchView.swift in Sources */ = {isa = PBXBuildFile; fileRef = CE4602122C64DD9A00B9355C /* SearchView.swift */; };
		CE4602162C64DFC400B9355C /* TrackTableViewCell.swift in Sources */ = {isa = PBXBuildFile; fileRef = CE4602152C64DFC400B9355C /* TrackTableViewCell.swift */; };
		CE4602182C64E1D800B9355C /* SearchViewModel.swift in Sources */ = {isa = PBXBuildFile; fileRef = CE4602172C64E1D800B9355C /* SearchViewModel.swift */; };
		CE46021A2C64E33900B9355C /* Music.swift in Sources */ = {isa = PBXBuildFile; fileRef = CE4602192C64E33900B9355C /* Music.swift */; };
		CE4602212C6786A800B9355C /* NetworkManager.swift in Sources */ = {isa = PBXBuildFile; fileRef = CE4602202C6786A800B9355C /* NetworkManager.swift */; };
		CE4602232C68B0EC00B9355C /* TabBarController.swift in Sources */ = {isa = PBXBuildFile; fileRef = CE4602222C68B0EC00B9355C /* TabBarController.swift */; };
		CE4602262C68B4DC00B9355C /* MyTracksViewController.swift in Sources */ = {isa = PBXBuildFile; fileRef = CE4602252C68B4DC00B9355C /* MyTracksViewController.swift */; };
		CE4602292C68DBFF00B9355C /* TrackDetailViewController.swift in Sources */ = {isa = PBXBuildFile; fileRef = CE4602282C68DBFF00B9355C /* TrackDetailViewController.swift */; };
		CE46022D2C690ADD00B9355C /* MyTracksViewModel.swift in Sources */ = {isa = PBXBuildFile; fileRef = CE46022C2C690ADD00B9355C /* MyTracksViewModel.swift */; };
		CE4602302C691A3B00B9355C /* Track.swift in Sources */ = {isa = PBXBuildFile; fileRef = CE46022F2C691A3B00B9355C /* Track.swift */; };
		CE4602332C691A9A00B9355C /* RealmSwift in Frameworks */ = {isa = PBXBuildFile; productRef = CE4602322C691A9A00B9355C /* RealmSwift */; };
		CE4602352C691BF800B9355C /* TrackRepository.swift in Sources */ = {isa = PBXBuildFile; fileRef = CE4602342C691BF800B9355C /* TrackRepository.swift */; };
		CE4602442C6A4AA700B9355C /* BaseViewModel.swift in Sources */ = {isa = PBXBuildFile; fileRef = CE4602432C6A4AA700B9355C /* BaseViewModel.swift */; };
/* End PBXBuildFile section */

/* Begin PBXFileReference section */
		CE4601EA2C64D58200B9355C /* MVTracker.app */ = {isa = PBXFileReference; explicitFileType = wrapper.application; includeInIndex = 0; path = MVTracker.app; sourceTree = BUILT_PRODUCTS_DIR; };
		CE4601ED2C64D58200B9355C /* AppDelegate.swift */ = {isa = PBXFileReference; lastKnownFileType = sourcecode.swift; path = AppDelegate.swift; sourceTree = "<group>"; };
		CE4601EF2C64D58200B9355C /* SceneDelegate.swift */ = {isa = PBXFileReference; lastKnownFileType = sourcecode.swift; path = SceneDelegate.swift; sourceTree = "<group>"; };
		CE4601F12C64D58200B9355C /* SearchViewController.swift */ = {isa = PBXFileReference; lastKnownFileType = sourcecode.swift; path = SearchViewController.swift; sourceTree = "<group>"; };
		CE4601F62C64D58400B9355C /* Assets.xcassets */ = {isa = PBXFileReference; lastKnownFileType = folder.assetcatalog; path = Assets.xcassets; sourceTree = "<group>"; };
		CE4601F92C64D58400B9355C /* Base */ = {isa = PBXFileReference; lastKnownFileType = file.storyboard; name = Base; path = Base.lproj/LaunchScreen.storyboard; sourceTree = "<group>"; };
		CE4601FB2C64D58400B9355C /* Info.plist */ = {isa = PBXFileReference; lastKnownFileType = text.plist.xml; path = Info.plist; sourceTree = "<group>"; };
		CE4602122C64DD9A00B9355C /* SearchView.swift */ = {isa = PBXFileReference; lastKnownFileType = sourcecode.swift; path = SearchView.swift; sourceTree = "<group>"; };
		CE4602152C64DFC400B9355C /* TrackTableViewCell.swift */ = {isa = PBXFileReference; lastKnownFileType = sourcecode.swift; path = TrackTableViewCell.swift; sourceTree = "<group>"; };
		CE4602172C64E1D800B9355C /* SearchViewModel.swift */ = {isa = PBXFileReference; lastKnownFileType = sourcecode.swift; path = SearchViewModel.swift; sourceTree = "<group>"; };
		CE4602192C64E33900B9355C /* Music.swift */ = {isa = PBXFileReference; lastKnownFileType = sourcecode.swift; path = Music.swift; sourceTree = "<group>"; };
		CE4602202C6786A800B9355C /* NetworkManager.swift */ = {isa = PBXFileReference; lastKnownFileType = sourcecode.swift; path = NetworkManager.swift; sourceTree = "<group>"; };
		CE4602222C68B0EC00B9355C /* TabBarController.swift */ = {isa = PBXFileReference; lastKnownFileType = sourcecode.swift; path = TabBarController.swift; sourceTree = "<group>"; };
		CE4602252C68B4DC00B9355C /* MyTracksViewController.swift */ = {isa = PBXFileReference; lastKnownFileType = sourcecode.swift; path = MyTracksViewController.swift; sourceTree = "<group>"; };
		CE4602282C68DBFF00B9355C /* TrackDetailViewController.swift */ = {isa = PBXFileReference; lastKnownFileType = sourcecode.swift; path = TrackDetailViewController.swift; sourceTree = "<group>"; };
		CE46022C2C690ADD00B9355C /* MyTracksViewModel.swift */ = {isa = PBXFileReference; lastKnownFileType = sourcecode.swift; path = MyTracksViewModel.swift; sourceTree = "<group>"; };
		CE46022F2C691A3B00B9355C /* Track.swift */ = {isa = PBXFileReference; lastKnownFileType = sourcecode.swift; path = Track.swift; sourceTree = "<group>"; };
		CE4602342C691BF800B9355C /* TrackRepository.swift */ = {isa = PBXFileReference; lastKnownFileType = sourcecode.swift; path = TrackRepository.swift; sourceTree = "<group>"; };
		CE4602432C6A4AA700B9355C /* BaseViewModel.swift */ = {isa = PBXFileReference; lastKnownFileType = sourcecode.swift; path = BaseViewModel.swift; sourceTree = "<group>"; };
/* End PBXFileReference section */

/* Begin PBXFrameworksBuildPhase section */
		CE4601E72C64D58200B9355C /* Frameworks */ = {
			isa = PBXFrameworksBuildPhase;
			buildActionMask = 2147483647;
			files = (
				CE4602112C64D82300B9355C /* Kingfisher in Frameworks */,
				CE4602332C691A9A00B9355C /* RealmSwift in Frameworks */,
				CE4602082C64D7E600B9355C /* RxSwift in Frameworks */,
				CE46020B2C64D7F300B9355C /* SnapKit in Frameworks */,
				CE4602062C64D7E600B9355C /* RxCocoa in Frameworks */,
				CE4602032C64D7C600B9355C /* Then in Frameworks */,
			);
			runOnlyForDeploymentPostprocessing = 0;
		};
/* End PBXFrameworksBuildPhase section */

/* Begin PBXGroup section */
		CE4601E12C64D58200B9355C = {
			isa = PBXGroup;
			children = (
				CE4601EC2C64D58200B9355C /* MVTracker */,
				CE4601EB2C64D58200B9355C /* Products */,
			);
			sourceTree = "<group>";
		};
		CE4601EB2C64D58200B9355C /* Products */ = {
			isa = PBXGroup;
			children = (
				CE4601EA2C64D58200B9355C /* MVTracker.app */,
			);
			name = Products;
			sourceTree = "<group>";
		};
		CE4601EC2C64D58200B9355C /* MVTracker */ = {
			isa = PBXGroup;
			children = (
				CE4601ED2C64D58200B9355C /* AppDelegate.swift */,
				CE4601EF2C64D58200B9355C /* SceneDelegate.swift */,
				CE46022E2C691A2400B9355C /* Database */,
				CE4602422C6A48CA00B9355C /* Util */,
				CE46021B2C64E34400B9355C /* Network */,
				CE46022A2C69082B00B9355C /* Screen */,
				CE4601F62C64D58400B9355C /* Assets.xcassets */,
				CE4601F82C64D58400B9355C /* LaunchScreen.storyboard */,
				CE4601FB2C64D58400B9355C /* Info.plist */,
			);
			path = MVTracker;
			sourceTree = "<group>";
		};
		CE4602142C64DDA300B9355C /* Search */ = {
			isa = PBXGroup;
			children = (
				CE4602122C64DD9A00B9355C /* SearchView.swift */,
				CE4602172C64E1D800B9355C /* SearchViewModel.swift */,
				CE4601F12C64D58200B9355C /* SearchViewController.swift */,
			);
			path = Search;
			sourceTree = "<group>";
		};
		CE46021B2C64E34400B9355C /* Network */ = {
			isa = PBXGroup;
			children = (
				CE4602192C64E33900B9355C /* Music.swift */,
				CE4602202C6786A800B9355C /* NetworkManager.swift */,
			);
			path = Network;
			sourceTree = "<group>";
		};
		CE4602242C68B4C300B9355C /* MyTracks */ = {
			isa = PBXGroup;
			children = (
				CE46022C2C690ADD00B9355C /* MyTracksViewModel.swift */,
				CE4602252C68B4DC00B9355C /* MyTracksViewController.swift */,
			);
			path = MyTracks;
			sourceTree = "<group>";
		};
		CE4602272C68DBE600B9355C /* TrackDetail */ = {
			isa = PBXGroup;
			children = (
				CE4602282C68DBFF00B9355C /* TrackDetailViewController.swift */,
			);
			path = TrackDetail;
			sourceTree = "<group>";
		};
		CE46022A2C69082B00B9355C /* Screen */ = {
			isa = PBXGroup;
			children = (
				CE46022B2C69085D00B9355C /* Common */,
				CE4602142C64DDA300B9355C /* Search */,
				CE4602242C68B4C300B9355C /* MyTracks */,
				CE4602272C68DBE600B9355C /* TrackDetail */,
			);
			path = Screen;
			sourceTree = "<group>";
		};
		CE46022B2C69085D00B9355C /* Common */ = {
			isa = PBXGroup;
			children = (
				CE4602222C68B0EC00B9355C /* TabBarController.swift */,
				CE4602152C64DFC400B9355C /* TrackTableViewCell.swift */,
			);
			path = Common;
			sourceTree = "<group>";
		};
		CE46022E2C691A2400B9355C /* Database */ = {
			isa = PBXGroup;
			children = (
				CE46022F2C691A3B00B9355C /* Track.swift */,
				CE4602342C691BF800B9355C /* TrackRepository.swift */,
			);
			path = Database;
			sourceTree = "<group>";
		};
		CE4602422C6A48CA00B9355C /* Util */ = {
			isa = PBXGroup;
			children = (
				CE4602432C6A4AA700B9355C /* BaseViewModel.swift */,
			);
			path = Util;
			sourceTree = "<group>";
		};
/* End PBXGroup section */

/* Begin PBXNativeTarget section */
		CE4601E92C64D58200B9355C /* MVTracker */ = {
			isa = PBXNativeTarget;
			buildConfigurationList = CE4601FE2C64D58400B9355C /* Build configuration list for PBXNativeTarget "MVTracker" */;
			buildPhases = (
				CE4601E62C64D58200B9355C /* Sources */,
				CE4601E72C64D58200B9355C /* Frameworks */,
				CE4601E82C64D58200B9355C /* Resources */,
			);
			buildRules = (
			);
			dependencies = (
			);
			name = MVTracker;
			packageProductDependencies = (
				CE4602022C64D7C600B9355C /* Then */,
				CE4602052C64D7E600B9355C /* RxCocoa */,
				CE4602072C64D7E600B9355C /* RxSwift */,
				CE46020A2C64D7F300B9355C /* SnapKit */,
				CE4602102C64D82300B9355C /* Kingfisher */,
				CE4602322C691A9A00B9355C /* RealmSwift */,
			);
			productName = MVTracker;
			productReference = CE4601EA2C64D58200B9355C /* MVTracker.app */;
			productType = "com.apple.product-type.application";
		};
/* End PBXNativeTarget section */

/* Begin PBXProject section */
		CE4601E22C64D58200B9355C /* Project object */ = {
			isa = PBXProject;
			attributes = {
				BuildIndependentTargetsInParallel = 1;
				LastSwiftUpdateCheck = 1540;
				LastUpgradeCheck = 1540;
				TargetAttributes = {
					CE4601E92C64D58200B9355C = {
						CreatedOnToolsVersion = 15.4;
					};
				};
			};
			buildConfigurationList = CE4601E52C64D58200B9355C /* Build configuration list for PBXProject "MVTracker" */;
			compatibilityVersion = "Xcode 14.0";
			developmentRegion = en;
			hasScannedForEncodings = 0;
			knownRegions = (
				en,
				Base,
			);
			mainGroup = CE4601E12C64D58200B9355C;
			packageReferences = (
				CE4602012C64D7C600B9355C /* XCRemoteSwiftPackageReference "Then" */,
				CE4602042C64D7E600B9355C /* XCRemoteSwiftPackageReference "RxSwift" */,
				CE4602092C64D7F300B9355C /* XCRemoteSwiftPackageReference "SnapKit" */,
				CE46020F2C64D82300B9355C /* XCRemoteSwiftPackageReference "Kingfisher" */,
				CE4602312C691A9A00B9355C /* XCRemoteSwiftPackageReference "realm-swift" */,
			);
			productRefGroup = CE4601EB2C64D58200B9355C /* Products */;
			projectDirPath = "";
			projectRoot = "";
			targets = (
				CE4601E92C64D58200B9355C /* MVTracker */,
			);
		};
/* End PBXProject section */

/* Begin PBXResourcesBuildPhase section */
		CE4601E82C64D58200B9355C /* Resources */ = {
			isa = PBXResourcesBuildPhase;
			buildActionMask = 2147483647;
			files = (
				CE4601F72C64D58400B9355C /* Assets.xcassets in Resources */,
				CE4601FA2C64D58400B9355C /* Base in Resources */,
			);
			runOnlyForDeploymentPostprocessing = 0;
		};
/* End PBXResourcesBuildPhase section */

/* Begin PBXSourcesBuildPhase section */
		CE4601E62C64D58200B9355C /* Sources */ = {
			isa = PBXSourcesBuildPhase;
			buildActionMask = 2147483647;
			files = (
				CE46022D2C690ADD00B9355C /* MyTracksViewModel.swift in Sources */,
				CE4602352C691BF800B9355C /* TrackRepository.swift in Sources */,
				CE4602262C68B4DC00B9355C /* MyTracksViewController.swift in Sources */,
				CE4602182C64E1D800B9355C /* SearchViewModel.swift in Sources */,
				CE4602292C68DBFF00B9355C /* TrackDetailViewController.swift in Sources */,
				CE4602132C64DD9A00B9355C /* SearchView.swift in Sources */,
				CE4601F22C64D58200B9355C /* SearchViewController.swift in Sources */,
				CE4602232C68B0EC00B9355C /* TabBarController.swift in Sources */,
				CE4601EE2C64D58200B9355C /* AppDelegate.swift in Sources */,
				CE4602212C6786A800B9355C /* NetworkManager.swift in Sources */,
				CE46021A2C64E33900B9355C /* Music.swift in Sources */,
				CE4602442C6A4AA700B9355C /* BaseViewModel.swift in Sources */,
				CE4602302C691A3B00B9355C /* Track.swift in Sources */,
				CE4601F02C64D58200B9355C /* SceneDelegate.swift in Sources */,
				CE4602162C64DFC400B9355C /* TrackTableViewCell.swift in Sources */,
			);
			runOnlyForDeploymentPostprocessing = 0;
		};
/* End PBXSourcesBuildPhase section */

/* Begin PBXVariantGroup section */
		CE4601F82C64D58400B9355C /* LaunchScreen.storyboard */ = {
			isa = PBXVariantGroup;
			children = (
				CE4601F92C64D58400B9355C /* Base */,
			);
			name = LaunchScreen.storyboard;
			sourceTree = "<group>";
		};
/* End PBXVariantGroup section */

/* Begin XCBuildConfiguration section */
		CE4601FC2C64D58400B9355C /* Debug */ = {
			isa = XCBuildConfiguration;
			buildSettings = {
				ALWAYS_SEARCH_USER_PATHS = NO;
				ASSETCATALOG_COMPILER_GENERATE_SWIFT_ASSET_SYMBOL_EXTENSIONS = YES;
				CLANG_ANALYZER_NONNULL = YES;
				CLANG_ANALYZER_NUMBER_OBJECT_CONVERSION = YES_AGGRESSIVE;
				CLANG_CXX_LANGUAGE_STANDARD = "gnu++20";
				CLANG_ENABLE_MODULES = YES;
				CLANG_ENABLE_OBJC_ARC = YES;
				CLANG_ENABLE_OBJC_WEAK = YES;
				CLANG_WARN_BLOCK_CAPTURE_AUTORELEASING = YES;
				CLANG_WARN_BOOL_CONVERSION = YES;
				CLANG_WARN_COMMA = YES;
				CLANG_WARN_CONSTANT_CONVERSION = YES;
				CLANG_WARN_DEPRECATED_OBJC_IMPLEMENTATIONS = YES;
				CLANG_WARN_DIRECT_OBJC_ISA_USAGE = YES_ERROR;
				CLANG_WARN_DOCUMENTATION_COMMENTS = YES;
				CLANG_WARN_EMPTY_BODY = YES;
				CLANG_WARN_ENUM_CONVERSION = YES;
				CLANG_WARN_INFINITE_RECURSION = YES;
				CLANG_WARN_INT_CONVERSION = YES;
				CLANG_WARN_NON_LITERAL_NULL_CONVERSION = YES;
				CLANG_WARN_OBJC_IMPLICIT_RETAIN_SELF = YES;
				CLANG_WARN_OBJC_LITERAL_CONVERSION = YES;
				CLANG_WARN_OBJC_ROOT_CLASS = YES_ERROR;
				CLANG_WARN_QUOTED_INCLUDE_IN_FRAMEWORK_HEADER = YES;
				CLANG_WARN_RANGE_LOOP_ANALYSIS = YES;
				CLANG_WARN_STRICT_PROTOTYPES = YES;
				CLANG_WARN_SUSPICIOUS_MOVE = YES;
				CLANG_WARN_UNGUARDED_AVAILABILITY = YES_AGGRESSIVE;
				CLANG_WARN_UNREACHABLE_CODE = YES;
				CLANG_WARN__DUPLICATE_METHOD_MATCH = YES;
				COPY_PHASE_STRIP = NO;
				DEBUG_INFORMATION_FORMAT = dwarf;
				ENABLE_STRICT_OBJC_MSGSEND = YES;
				ENABLE_TESTABILITY = YES;
				ENABLE_USER_SCRIPT_SANDBOXING = YES;
				GCC_C_LANGUAGE_STANDARD = gnu17;
				GCC_DYNAMIC_NO_PIC = NO;
				GCC_NO_COMMON_BLOCKS = YES;
				GCC_OPTIMIZATION_LEVEL = 0;
				GCC_PREPROCESSOR_DEFINITIONS = (
					"DEBUG=1",
					"$(inherited)",
				);
				GCC_WARN_64_TO_32_BIT_CONVERSION = YES;
				GCC_WARN_ABOUT_RETURN_TYPE = YES_ERROR;
				GCC_WARN_UNDECLARED_SELECTOR = YES;
				GCC_WARN_UNINITIALIZED_AUTOS = YES_AGGRESSIVE;
				GCC_WARN_UNUSED_FUNCTION = YES;
				GCC_WARN_UNUSED_VARIABLE = YES;
				IPHONEOS_DEPLOYMENT_TARGET = 17.5;
				LOCALIZATION_PREFERS_STRING_CATALOGS = YES;
				MTL_ENABLE_DEBUG_INFO = INCLUDE_SOURCE;
				MTL_FAST_MATH = YES;
				ONLY_ACTIVE_ARCH = YES;
				SDKROOT = iphoneos;
				SWIFT_ACTIVE_COMPILATION_CONDITIONS = "DEBUG $(inherited)";
				SWIFT_OPTIMIZATION_LEVEL = "-Onone";
			};
			name = Debug;
		};
		CE4601FD2C64D58400B9355C /* Release */ = {
			isa = XCBuildConfiguration;
			buildSettings = {
				ALWAYS_SEARCH_USER_PATHS = NO;
				ASSETCATALOG_COMPILER_GENERATE_SWIFT_ASSET_SYMBOL_EXTENSIONS = YES;
				CLANG_ANALYZER_NONNULL = YES;
				CLANG_ANALYZER_NUMBER_OBJECT_CONVERSION = YES_AGGRESSIVE;
				CLANG_CXX_LANGUAGE_STANDARD = "gnu++20";
				CLANG_ENABLE_MODULES = YES;
				CLANG_ENABLE_OBJC_ARC = YES;
				CLANG_ENABLE_OBJC_WEAK = YES;
				CLANG_WARN_BLOCK_CAPTURE_AUTORELEASING = YES;
				CLANG_WARN_BOOL_CONVERSION = YES;
				CLANG_WARN_COMMA = YES;
				CLANG_WARN_CONSTANT_CONVERSION = YES;
				CLANG_WARN_DEPRECATED_OBJC_IMPLEMENTATIONS = YES;
				CLANG_WARN_DIRECT_OBJC_ISA_USAGE = YES_ERROR;
				CLANG_WARN_DOCUMENTATION_COMMENTS = YES;
				CLANG_WARN_EMPTY_BODY = YES;
				CLANG_WARN_ENUM_CONVERSION = YES;
				CLANG_WARN_INFINITE_RECURSION = YES;
				CLANG_WARN_INT_CONVERSION = YES;
				CLANG_WARN_NON_LITERAL_NULL_CONVERSION = YES;
				CLANG_WARN_OBJC_IMPLICIT_RETAIN_SELF = YES;
				CLANG_WARN_OBJC_LITERAL_CONVERSION = YES;
				CLANG_WARN_OBJC_ROOT_CLASS = YES_ERROR;
				CLANG_WARN_QUOTED_INCLUDE_IN_FRAMEWORK_HEADER = YES;
				CLANG_WARN_RANGE_LOOP_ANALYSIS = YES;
				CLANG_WARN_STRICT_PROTOTYPES = YES;
				CLANG_WARN_SUSPICIOUS_MOVE = YES;
				CLANG_WARN_UNGUARDED_AVAILABILITY = YES_AGGRESSIVE;
				CLANG_WARN_UNREACHABLE_CODE = YES;
				CLANG_WARN__DUPLICATE_METHOD_MATCH = YES;
				COPY_PHASE_STRIP = NO;
				DEBUG_INFORMATION_FORMAT = "dwarf-with-dsym";
				ENABLE_NS_ASSERTIONS = NO;
				ENABLE_STRICT_OBJC_MSGSEND = YES;
				ENABLE_USER_SCRIPT_SANDBOXING = YES;
				GCC_C_LANGUAGE_STANDARD = gnu17;
				GCC_NO_COMMON_BLOCKS = YES;
				GCC_WARN_64_TO_32_BIT_CONVERSION = YES;
				GCC_WARN_ABOUT_RETURN_TYPE = YES_ERROR;
				GCC_WARN_UNDECLARED_SELECTOR = YES;
				GCC_WARN_UNINITIALIZED_AUTOS = YES_AGGRESSIVE;
				GCC_WARN_UNUSED_FUNCTION = YES;
				GCC_WARN_UNUSED_VARIABLE = YES;
				IPHONEOS_DEPLOYMENT_TARGET = 17.5;
				LOCALIZATION_PREFERS_STRING_CATALOGS = YES;
				MTL_ENABLE_DEBUG_INFO = NO;
				MTL_FAST_MATH = YES;
				SDKROOT = iphoneos;
				SWIFT_COMPILATION_MODE = wholemodule;
				VALIDATE_PRODUCT = YES;
			};
			name = Release;
		};
		CE4601FF2C64D58400B9355C /* Debug */ = {
			isa = XCBuildConfiguration;
			buildSettings = {
				ASSETCATALOG_COMPILER_APPICON_NAME = AppIcon;
				ASSETCATALOG_COMPILER_GLOBAL_ACCENT_COLOR_NAME = AccentColor;
				CODE_SIGN_STYLE = Automatic;
				CURRENT_PROJECT_VERSION = 1;
				GENERATE_INFOPLIST_FILE = YES;
				INFOPLIST_FILE = MVTracker/Info.plist;
				INFOPLIST_KEY_UIApplicationSupportsIndirectInputEvents = YES;
				INFOPLIST_KEY_UILaunchStoryboardName = LaunchScreen;
				INFOPLIST_KEY_UISupportedInterfaceOrientations = UIInterfaceOrientationPortrait;
				INFOPLIST_KEY_UISupportedInterfaceOrientations_iPad = UIInterfaceOrientationPortrait;
				IPHONEOS_DEPLOYMENT_TARGET = 16.0;
				LD_RUNPATH_SEARCH_PATHS = (
					"$(inherited)",
					"@executable_path/Frameworks",
				);
				MARKETING_VERSION = 1.0;
				PRODUCT_BUNDLE_IDENTIFIER = com.nero.MVTracker;
				PRODUCT_NAME = "$(TARGET_NAME)";
				SUPPORTED_PLATFORMS = "iphoneos iphonesimulator";
				SUPPORTS_MACCATALYST = NO;
				SUPPORTS_MAC_DESIGNED_FOR_IPHONE_IPAD = NO;
				SUPPORTS_XR_DESIGNED_FOR_IPHONE_IPAD = NO;
				SWIFT_EMIT_LOC_STRINGS = YES;
				SWIFT_VERSION = 5.0;
				TARGETED_DEVICE_FAMILY = 1;
			};
			name = Debug;
		};
		CE4602002C64D58400B9355C /* Release */ = {
			isa = XCBuildConfiguration;
			buildSettings = {
				ASSETCATALOG_COMPILER_APPICON_NAME = AppIcon;
				ASSETCATALOG_COMPILER_GLOBAL_ACCENT_COLOR_NAME = AccentColor;
				CODE_SIGN_STYLE = Automatic;
				CURRENT_PROJECT_VERSION = 1;
				GENERATE_INFOPLIST_FILE = YES;
				INFOPLIST_FILE = MVTracker/Info.plist;
				INFOPLIST_KEY_UIApplicationSupportsIndirectInputEvents = YES;
				INFOPLIST_KEY_UILaunchStoryboardName = LaunchScreen;
				INFOPLIST_KEY_UISupportedInterfaceOrientations = UIInterfaceOrientationPortrait;
				INFOPLIST_KEY_UISupportedInterfaceOrientations_iPad = UIInterfaceOrientationPortrait;
				IPHONEOS_DEPLOYMENT_TARGET = 16.0;
				LD_RUNPATH_SEARCH_PATHS = (
					"$(inherited)",
					"@executable_path/Frameworks",
				);
				MARKETING_VERSION = 1.0;
				PRODUCT_BUNDLE_IDENTIFIER = com.nero.MVTracker;
				PRODUCT_NAME = "$(TARGET_NAME)";
				SUPPORTED_PLATFORMS = "iphoneos iphonesimulator";
				SUPPORTS_MACCATALYST = NO;
				SUPPORTS_MAC_DESIGNED_FOR_IPHONE_IPAD = NO;
				SUPPORTS_XR_DESIGNED_FOR_IPHONE_IPAD = NO;
				SWIFT_EMIT_LOC_STRINGS = YES;
				SWIFT_VERSION = 5.0;
				TARGETED_DEVICE_FAMILY = 1;
			};
			name = Release;
		};
/* End XCBuildConfiguration section */

/* Begin XCConfigurationList section */
		CE4601E52C64D58200B9355C /* Build configuration list for PBXProject "MVTracker" */ = {
			isa = XCConfigurationList;
			buildConfigurations = (
				CE4601FC2C64D58400B9355C /* Debug */,
				CE4601FD2C64D58400B9355C /* Release */,
			);
			defaultConfigurationIsVisible = 0;
			defaultConfigurationName = Release;
		};
		CE4601FE2C64D58400B9355C /* Build configuration list for PBXNativeTarget "MVTracker" */ = {
			isa = XCConfigurationList;
			buildConfigurations = (
				CE4601FF2C64D58400B9355C /* Debug */,
				CE4602002C64D58400B9355C /* Release */,
			);
			defaultConfigurationIsVisible = 0;
			defaultConfigurationName = Release;
		};
/* End XCConfigurationList section */

/* Begin XCRemoteSwiftPackageReference section */
		CE4602012C64D7C600B9355C /* XCRemoteSwiftPackageReference "Then" */ = {
			isa = XCRemoteSwiftPackageReference;
			repositoryURL = "https://github.com/devxoul/Then";
			requirement = {
				kind = upToNextMajorVersion;
				minimumVersion = 3.0.0;
			};
		};
		CE4602042C64D7E600B9355C /* XCRemoteSwiftPackageReference "RxSwift" */ = {
			isa = XCRemoteSwiftPackageReference;
			repositoryURL = "https://github.com/ReactiveX/RxSwift.git";
			requirement = {
				kind = upToNextMajorVersion;
				minimumVersion = 6.7.1;
			};
		};
		CE4602092C64D7F300B9355C /* XCRemoteSwiftPackageReference "SnapKit" */ = {
			isa = XCRemoteSwiftPackageReference;
			repositoryURL = "https://github.com/SnapKit/SnapKit";
			requirement = {
				kind = upToNextMajorVersion;
				minimumVersion = 5.7.1;
			};
		};
		CE46020F2C64D82300B9355C /* XCRemoteSwiftPackageReference "Kingfisher" */ = {
			isa = XCRemoteSwiftPackageReference;
			repositoryURL = "https://github.com/onevcat/Kingfisher.git";
			requirement = {
				kind = upToNextMajorVersion;
				minimumVersion = 7.12.0;
			};
		};
		CE4602312C691A9A00B9355C /* XCRemoteSwiftPackageReference "realm-swift" */ = {
			isa = XCRemoteSwiftPackageReference;
			repositoryURL = "https://github.com/realm/realm-swift.git";
			requirement = {
				kind = exactVersion;
				version = 10.52.3;
			};
		};
/* End XCRemoteSwiftPackageReference section */

/* Begin XCSwiftPackageProductDependency section */
		CE4602022C64D7C600B9355C /* Then */ = {
			isa = XCSwiftPackageProductDependency;
			package = CE4602012C64D7C600B9355C /* XCRemoteSwiftPackageReference "Then" */;
			productName = Then;
		};
		CE4602052C64D7E600B9355C /* RxCocoa */ = {
			isa = XCSwiftPackageProductDependency;
			package = CE4602042C64D7E600B9355C /* XCRemoteSwiftPackageReference "RxSwift" */;
			productName = RxCocoa;
		};
		CE4602072C64D7E600B9355C /* RxSwift */ = {
			isa = XCSwiftPackageProductDependency;
			package = CE4602042C64D7E600B9355C /* XCRemoteSwiftPackageReference "RxSwift" */;
			productName = RxSwift;
		};
		CE46020A2C64D7F300B9355C /* SnapKit */ = {
			isa = XCSwiftPackageProductDependency;
			package = CE4602092C64D7F300B9355C /* XCRemoteSwiftPackageReference "SnapKit" */;
			productName = SnapKit;
		};
		CE4602102C64D82300B9355C /* Kingfisher */ = {
			isa = XCSwiftPackageProductDependency;
			package = CE46020F2C64D82300B9355C /* XCRemoteSwiftPackageReference "Kingfisher" */;
			productName = Kingfisher;
		};
		CE4602322C691A9A00B9355C /* RealmSwift */ = {
			isa = XCSwiftPackageProductDependency;
			package = CE4602312C691A9A00B9355C /* XCRemoteSwiftPackageReference "realm-swift" */;
			productName = RealmSwift;
		};
/* End XCSwiftPackageProductDependency section */
	};
	rootObject = CE4601E22C64D58200B9355C /* Project object */;
}
